// !$*UTF8*$!
{
	archiveVersion = 1;
	classes = {
	};
	objectVersion = 46;
	objects = {

/* Begin PBXBuildFile section */
		6333A5D61A09B8150067CE33 /* main.m in Sources */ = {isa = PBXBuildFile; fileRef = 6333A5D51A09B8150067CE33 /* main.m */; };
		6333A5D91A09B8150067CE33 /* AppDelegate.m in Sources */ = {isa = PBXBuildFile; fileRef = 6333A5D81A09B8150067CE33 /* AppDelegate.m */; };
		6333A5DF1A09B8150067CE33 /* Main.storyboard in Resources */ = {isa = PBXBuildFile; fileRef = 6333A5DD1A09B8150067CE33 /* Main.storyboard */; };
		6333A5E11A09B8150067CE33 /* Images.xcassets in Resources */ = {isa = PBXBuildFile; fileRef = 6333A5E01A09B8150067CE33 /* Images.xcassets */; };
		6333A5E41A09B8150067CE33 /* LaunchScreen.xib in Resources */ = {isa = PBXBuildFile; fileRef = 6333A5E21A09B8150067CE33 /* LaunchScreen.xib */; };
		6333A5F01A09B8150067CE33 /* TallyTests.m in Sources */ = {isa = PBXBuildFile; fileRef = 6333A5EF1A09B8150067CE33 /* TallyTests.m */; };
		6333A5FB1A09BA740067CE33 /* NewTallyViewController.m in Sources */ = {isa = PBXBuildFile; fileRef = 6333A5FA1A09BA740067CE33 /* NewTallyViewController.m */; };
		6333A5FE1A09C2850067CE33 /* TallyListViewController.m in Sources */ = {isa = PBXBuildFile; fileRef = 6333A5FD1A09C2850067CE33 /* TallyListViewController.m */; };
		6333A60A1A0AF9EA0067CE33 /* TallyController.m in Sources */ = {isa = PBXBuildFile; fileRef = 6333A6091A0AF9EA0067CE33 /* TallyController.m */; };
		6333A6101A0C74990067CE33 /* TallyListViewDataSource.m in Sources */ = {isa = PBXBuildFile; fileRef = 6333A60F1A0C74990067CE33 /* TallyListViewDataSource.m */; };
		6333A6131A0E8C970067CE33 /* iAd.framework in Frameworks */ = {isa = PBXBuildFile; fileRef = 6333A6121A0E8C970067CE33 /* iAd.framework */; };
		6333A6161A0EAD210067CE33 /* CloudKit.framework in Frameworks */ = {isa = PBXBuildFile; fileRef = 6333A6151A0EAD210067CE33 /* CloudKit.framework */; };
		6333A71E1A1312930067CE33 /* Stack.m in Sources */ = {isa = PBXBuildFile; fileRef = 6333A71D1A1312930067CE33 /* Stack.m */; };
		6333A7201A1312AD0067CE33 /* CoreData.framework in Frameworks */ = {isa = PBXBuildFile; fileRef = 6333A71F1A1312AD0067CE33 /* CoreData.framework */; };
		6333A7231A1313240067CE33 /* Model.xcdatamodeld in Sources */ = {isa = PBXBuildFile; fileRef = 6333A7211A1313240067CE33 /* Model.xcdatamodeld */; };
		6333A7261A1314F20067CE33 /* Tally.m in Sources */ = {isa = PBXBuildFile; fileRef = 6333A7251A1314F20067CE33 /* Tally.m */; };
		636FC3BC1A20798C00C59C52 /* QuartzCore.framework in Frameworks */ = {isa = PBXBuildFile; fileRef = 636FC3BB1A20798C00C59C52 /* QuartzCore.framework */; };
		6377ACA81A14498200A842F3 /* TallyTableViewCell.m in Sources */ = {isa = PBXBuildFile; fileRef = 6377ACA71A14498200A842F3 /* TallyTableViewCell.m */; };
		6377ACF71A17D8CC00A842F3 /* TallyTableViewCell.xib in Resources */ = {isa = PBXBuildFile; fileRef = 6377ACF61A17D8CC00A842F3 /* TallyTableViewCell.xib */; };
/* End PBXBuildFile section */

/* Begin PBXContainerItemProxy section */
		6333A5EA1A09B8150067CE33 /* PBXContainerItemProxy */ = {
			isa = PBXContainerItemProxy;
			containerPortal = 6333A5C81A09B8150067CE33 /* Project object */;
			proxyType = 1;
			remoteGlobalIDString = 6333A5CF1A09B8150067CE33;
			remoteInfo = Tally;
		};
/* End PBXContainerItemProxy section */

/* Begin PBXFileReference section */
		6333A5D01A09B8150067CE33 /* Tally.app */ = {isa = PBXFileReference; explicitFileType = wrapper.application; includeInIndex = 0; path = Tally.app; sourceTree = BUILT_PRODUCTS_DIR; };
		6333A5D41A09B8150067CE33 /* Info.plist */ = {isa = PBXFileReference; lastKnownFileType = text.plist.xml; path = Info.plist; sourceTree = "<group>"; };
		6333A5D51A09B8150067CE33 /* main.m */ = {isa = PBXFileReference; lastKnownFileType = sourcecode.c.objc; path = main.m; sourceTree = "<group>"; };
		6333A5D71A09B8150067CE33 /* AppDelegate.h */ = {isa = PBXFileReference; lastKnownFileType = sourcecode.c.h; path = AppDelegate.h; sourceTree = "<group>"; };
		6333A5D81A09B8150067CE33 /* AppDelegate.m */ = {isa = PBXFileReference; lastKnownFileType = sourcecode.c.objc; path = AppDelegate.m; sourceTree = "<group>"; };
		6333A5DE1A09B8150067CE33 /* Base */ = {isa = PBXFileReference; lastKnownFileType = file.storyboard; name = Base; path = Base.lproj/Main.storyboard; sourceTree = "<group>"; };
		6333A5E01A09B8150067CE33 /* Images.xcassets */ = {isa = PBXFileReference; lastKnownFileType = folder.assetcatalog; path = Images.xcassets; sourceTree = "<group>"; };
		6333A5E31A09B8150067CE33 /* Base */ = {isa = PBXFileReference; lastKnownFileType = file.xib; name = Base; path = Base.lproj/LaunchScreen.xib; sourceTree = "<group>"; };
		6333A5E91A09B8150067CE33 /* TallyTests.xctest */ = {isa = PBXFileReference; explicitFileType = wrapper.cfbundle; includeInIndex = 0; path = TallyTests.xctest; sourceTree = BUILT_PRODUCTS_DIR; };
		6333A5EE1A09B8150067CE33 /* Info.plist */ = {isa = PBXFileReference; lastKnownFileType = text.plist.xml; path = Info.plist; sourceTree = "<group>"; };
		6333A5EF1A09B8150067CE33 /* TallyTests.m */ = {isa = PBXFileReference; lastKnownFileType = sourcecode.c.objc; path = TallyTests.m; sourceTree = "<group>"; };
		6333A5F91A09BA740067CE33 /* NewTallyViewController.h */ = {isa = PBXFileReference; fileEncoding = 4; lastKnownFileType = sourcecode.c.h; path = NewTallyViewController.h; sourceTree = "<group>"; };
		6333A5FA1A09BA740067CE33 /* NewTallyViewController.m */ = {isa = PBXFileReference; fileEncoding = 4; lastKnownFileType = sourcecode.c.objc; path = NewTallyViewController.m; sourceTree = "<group>"; };
		6333A5FC1A09C2850067CE33 /* TallyListViewController.h */ = {isa = PBXFileReference; fileEncoding = 4; lastKnownFileType = sourcecode.c.h; path = TallyListViewController.h; sourceTree = "<group>"; };
		6333A5FD1A09C2850067CE33 /* TallyListViewController.m */ = {isa = PBXFileReference; fileEncoding = 4; lastKnownFileType = sourcecode.c.objc; path = TallyListViewController.m; sourceTree = "<group>"; };
		6333A6081A0AF9EA0067CE33 /* TallyController.h */ = {isa = PBXFileReference; fileEncoding = 4; lastKnownFileType = sourcecode.c.h; path = TallyController.h; sourceTree = "<group>"; };
		6333A6091A0AF9EA0067CE33 /* TallyController.m */ = {isa = PBXFileReference; fileEncoding = 4; lastKnownFileType = sourcecode.c.objc; path = TallyController.m; sourceTree = "<group>"; };
		6333A60E1A0C74990067CE33 /* TallyListViewDataSource.h */ = {isa = PBXFileReference; fileEncoding = 4; lastKnownFileType = sourcecode.c.h; path = TallyListViewDataSource.h; sourceTree = "<group>"; };
		6333A60F1A0C74990067CE33 /* TallyListViewDataSource.m */ = {isa = PBXFileReference; fileEncoding = 4; lastKnownFileType = sourcecode.c.objc; path = TallyListViewDataSource.m; sourceTree = "<group>"; };
		6333A6121A0E8C970067CE33 /* iAd.framework */ = {isa = PBXFileReference; lastKnownFileType = wrapper.framework; name = iAd.framework; path = System/Library/Frameworks/iAd.framework; sourceTree = SDKROOT; };
		6333A6141A0EACB70067CE33 /* Tally.entitlements */ = {isa = PBXFileReference; lastKnownFileType = text.xml; path = Tally.entitlements; sourceTree = "<group>"; };
		6333A6151A0EAD210067CE33 /* CloudKit.framework */ = {isa = PBXFileReference; lastKnownFileType = wrapper.framework; name = CloudKit.framework; path = System/Library/Frameworks/CloudKit.framework; sourceTree = SDKROOT; };
		6333A71C1A1312930067CE33 /* Stack.h */ = {isa = PBXFileReference; fileEncoding = 4; lastKnownFileType = sourcecode.c.h; path = Stack.h; sourceTree = "<group>"; };
		6333A71D1A1312930067CE33 /* Stack.m */ = {isa = PBXFileReference; fileEncoding = 4; lastKnownFileType = sourcecode.c.objc; path = Stack.m; sourceTree = "<group>"; };
		6333A71F1A1312AD0067CE33 /* CoreData.framework */ = {isa = PBXFileReference; lastKnownFileType = wrapper.framework; name = CoreData.framework; path = System/Library/Frameworks/CoreData.framework; sourceTree = SDKROOT; };
		6333A7221A1313240067CE33 /* Model.xcdatamodel */ = {isa = PBXFileReference; lastKnownFileType = wrapper.xcdatamodel; path = Model.xcdatamodel; sourceTree = "<group>"; };
		6333A7241A1314F20067CE33 /* Tally.h */ = {isa = PBXFileReference; fileEncoding = 4; lastKnownFileType = sourcecode.c.h; path = Tally.h; sourceTree = "<group>"; };
		6333A7251A1314F20067CE33 /* Tally.m */ = {isa = PBXFileReference; fileEncoding = 4; lastKnownFileType = sourcecode.c.objc; path = Tally.m; sourceTree = "<group>"; };
		636FC3BB1A20798C00C59C52 /* QuartzCore.framework */ = {isa = PBXFileReference; lastKnownFileType = wrapper.framework; name = QuartzCore.framework; path = System/Library/Frameworks/QuartzCore.framework; sourceTree = SDKROOT; };
		6377ACA61A14498200A842F3 /* TallyTableViewCell.h */ = {isa = PBXFileReference; fileEncoding = 4; lastKnownFileType = sourcecode.c.h; path = TallyTableViewCell.h; sourceTree = "<group>"; };
		6377ACA71A14498200A842F3 /* TallyTableViewCell.m */ = {isa = PBXFileReference; fileEncoding = 4; lastKnownFileType = sourcecode.c.objc; path = TallyTableViewCell.m; sourceTree = "<group>"; };
		6377ACF61A17D8CC00A842F3 /* TallyTableViewCell.xib */ = {isa = PBXFileReference; fileEncoding = 4; lastKnownFileType = file.xib; path = TallyTableViewCell.xib; sourceTree = "<group>"; };
/* End PBXFileReference section */

/* Begin PBXFrameworksBuildPhase section */
		6333A5CD1A09B8150067CE33 /* Frameworks */ = {
			isa = PBXFrameworksBuildPhase;
			buildActionMask = 2147483647;
			files = (
				636FC3BC1A20798C00C59C52 /* QuartzCore.framework in Frameworks */,
				6333A7201A1312AD0067CE33 /* CoreData.framework in Frameworks */,
				6333A6131A0E8C970067CE33 /* iAd.framework in Frameworks */,
				6333A6161A0EAD210067CE33 /* CloudKit.framework in Frameworks */,
			);
			runOnlyForDeploymentPostprocessing = 0;
		};
		6333A5E61A09B8150067CE33 /* Frameworks */ = {
			isa = PBXFrameworksBuildPhase;
			buildActionMask = 2147483647;
			files = (
			);
			runOnlyForDeploymentPostprocessing = 0;
		};
/* End PBXFrameworksBuildPhase section */

/* Begin PBXGroup section */
		6333A5C71A09B8150067CE33 = {
			isa = PBXGroup;
			children = (
				636FC3BB1A20798C00C59C52 /* QuartzCore.framework */,
				6333A71F1A1312AD0067CE33 /* CoreData.framework */,
				6333A6151A0EAD210067CE33 /* CloudKit.framework */,
				6333A6121A0E8C970067CE33 /* iAd.framework */,
				6333A5D21A09B8150067CE33 /* Tally */,
				6333A5EC1A09B8150067CE33 /* TallyTests */,
				6333A5D11A09B8150067CE33 /* Products */,
			);
			sourceTree = "<group>";
		};
		6333A5D11A09B8150067CE33 /* Products */ = {
			isa = PBXGroup;
			children = (
				6333A5D01A09B8150067CE33 /* Tally.app */,
				6333A5E91A09B8150067CE33 /* TallyTests.xctest */,
			);
			name = Products;
			sourceTree = "<group>";
		};
		6333A5D21A09B8150067CE33 /* Tally */ = {
			isa = PBXGroup;
			children = (
				6333A71C1A1312930067CE33 /* Stack.h */,
				6333A71D1A1312930067CE33 /* Stack.m */,
				6333A7211A1313240067CE33 /* Model.xcdatamodeld */,
				6333A6141A0EACB70067CE33 /* Tally.entitlements */,
				6333A5DD1A09B8150067CE33 /* Main.storyboard */,
				6333A5D71A09B8150067CE33 /* AppDelegate.h */,
				6333A5D81A09B8150067CE33 /* AppDelegate.m */,
				6333A6081A0AF9EA0067CE33 /* TallyController.h */,
				6333A6091A0AF9EA0067CE33 /* TallyController.m */,
				6333A7241A1314F20067CE33 /* Tally.h */,
				6333A7251A1314F20067CE33 /* Tally.m */,
				6377ACA91A144F2100A842F3 /* TallyListView */,
				636FC3BD1A255B1E00C59C52 /* NewTallyViewController */,
				6333A5E01A09B8150067CE33 /* Images.xcassets */,
				6333A5E21A09B8150067CE33 /* LaunchScreen.xib */,
				6333A5D31A09B8150067CE33 /* Supporting Files */,
			);
			path = Tally;
			sourceTree = "<group>";
		};
		6333A5D31A09B8150067CE33 /* Supporting Files */ = {
			isa = PBXGroup;
			children = (
				6333A5D41A09B8150067CE33 /* Info.plist */,
				6333A5D51A09B8150067CE33 /* main.m */,
			);
			name = "Supporting Files";
			sourceTree = "<group>";
		};
		6333A5EC1A09B8150067CE33 /* TallyTests */ = {
			isa = PBXGroup;
			children = (
				6333A5EF1A09B8150067CE33 /* TallyTests.m */,
				6333A5ED1A09B8150067CE33 /* Supporting Files */,
			);
			path = TallyTests;
			sourceTree = "<group>";
		};
		6333A5ED1A09B8150067CE33 /* Supporting Files */ = {
			isa = PBXGroup;
			children = (
				6333A5EE1A09B8150067CE33 /* Info.plist */,
			);
			name = "Supporting Files";
			sourceTree = "<group>";
		};
		636FC3BD1A255B1E00C59C52 /* NewTallyViewController */ = {
			isa = PBXGroup;
			children = (
				6333A5F91A09BA740067CE33 /* NewTallyViewController.h */,
				6333A5FA1A09BA740067CE33 /* NewTallyViewController.m */,
			);
			name = NewTallyViewController;
			sourceTree = "<group>";
		};
		6377ACA91A144F2100A842F3 /* TallyListView */ = {
			isa = PBXGroup;
			children = (
				6333A5FC1A09C2850067CE33 /* TallyListViewController.h */,
				6333A5FD1A09C2850067CE33 /* TallyListViewController.m */,
				6333A60E1A0C74990067CE33 /* TallyListViewDataSource.h */,
				6333A60F1A0C74990067CE33 /* TallyListViewDataSource.m */,
				6377ACA61A14498200A842F3 /* TallyTableViewCell.h */,
				6377ACA71A14498200A842F3 /* TallyTableViewCell.m */,
				6377ACF61A17D8CC00A842F3 /* TallyTableViewCell.xib */,
			);
			name = TallyListView;
			sourceTree = "<group>";
		};
/* End PBXGroup section */

/* Begin PBXNativeTarget section */
		6333A5CF1A09B8150067CE33 /* Tally */ = {
			isa = PBXNativeTarget;
			buildConfigurationList = 6333A5F31A09B8150067CE33 /* Build configuration list for PBXNativeTarget "Tally" */;
			buildPhases = (
				6333A5CC1A09B8150067CE33 /* Sources */,
				6333A5CD1A09B8150067CE33 /* Frameworks */,
				6333A5CE1A09B8150067CE33 /* Resources */,
			);
			buildRules = (
			);
			dependencies = (
			);
			name = Tally;
			productName = Tally;
			productReference = 6333A5D01A09B8150067CE33 /* Tally.app */;
			productType = "com.apple.product-type.application";
		};
		6333A5E81A09B8150067CE33 /* TallyTests */ = {
			isa = PBXNativeTarget;
			buildConfigurationList = 6333A5F61A09B8150067CE33 /* Build configuration list for PBXNativeTarget "TallyTests" */;
			buildPhases = (
				6333A5E51A09B8150067CE33 /* Sources */,
				6333A5E61A09B8150067CE33 /* Frameworks */,
				6333A5E71A09B8150067CE33 /* Resources */,
			);
			buildRules = (
			);
			dependencies = (
				6333A5EB1A09B8150067CE33 /* PBXTargetDependency */,
			);
			name = TallyTests;
			productName = TallyTests;
			productReference = 6333A5E91A09B8150067CE33 /* TallyTests.xctest */;
			productType = "com.apple.product-type.bundle.unit-test";
		};
/* End PBXNativeTarget section */

/* Begin PBXProject section */
		6333A5C81A09B8150067CE33 /* Project object */ = {
			isa = PBXProject;
			attributes = {
				LastUpgradeCheck = 0610;
				ORGANIZATIONNAME = "Chad Williams";
				TargetAttributes = {
					6333A5CF1A09B8150067CE33 = {
						CreatedOnToolsVersion = 6.1;
						DevelopmentTeam = USX5JPN9EV;
						SystemCapabilities = {
							com.apple.iCloud = {
								enabled = 1;
							};
						};
					};
					6333A5E81A09B8150067CE33 = {
						CreatedOnToolsVersion = 6.1;
						TestTargetID = 6333A5CF1A09B8150067CE33;
					};
				};
			};
			buildConfigurationList = 6333A5CB1A09B8150067CE33 /* Build configuration list for PBXProject "Tally" */;
			compatibilityVersion = "Xcode 3.2";
			developmentRegion = English;
			hasScannedForEncodings = 0;
			knownRegions = (
				en,
				Base,
			);
			mainGroup = 6333A5C71A09B8150067CE33;
			productRefGroup = 6333A5D11A09B8150067CE33 /* Products */;
			projectDirPath = "";
			projectRoot = "";
			targets = (
				6333A5CF1A09B8150067CE33 /* Tally */,
				6333A5E81A09B8150067CE33 /* TallyTests */,
			);
		};
/* End PBXProject section */

/* Begin PBXResourcesBuildPhase section */
		6333A5CE1A09B8150067CE33 /* Resources */ = {
			isa = PBXResourcesBuildPhase;
			buildActionMask = 2147483647;
			files = (
				6377ACF71A17D8CC00A842F3 /* TallyTableViewCell.xib in Resources */,
				6333A5DF1A09B8150067CE33 /* Main.storyboard in Resources */,
				6333A5E41A09B8150067CE33 /* LaunchScreen.xib in Resources */,
				6333A5E11A09B8150067CE33 /* Images.xcassets in Resources */,
			);
			runOnlyForDeploymentPostprocessing = 0;
		};
		6333A5E71A09B8150067CE33 /* Resources */ = {
			isa = PBXResourcesBuildPhase;
			buildActionMask = 2147483647;
			files = (
			);
			runOnlyForDeploymentPostprocessing = 0;
		};
/* End PBXResourcesBuildPhase section */

/* Begin PBXSourcesBuildPhase section */
		6333A5CC1A09B8150067CE33 /* Sources */ = {
			isa = PBXSourcesBuildPhase;
			buildActionMask = 2147483647;
			files = (
				6377ACA81A14498200A842F3 /* TallyTableViewCell.m in Sources */,
				6333A7261A1314F20067CE33 /* Tally.m in Sources */,
				6333A71E1A1312930067CE33 /* Stack.m in Sources */,
				6333A5D91A09B8150067CE33 /* AppDelegate.m in Sources */,
				6333A5FB1A09BA740067CE33 /* NewTallyViewController.m in Sources */,
				6333A6101A0C74990067CE33 /* TallyListViewDataSource.m in Sources */,
				6333A7231A1313240067CE33 /* Model.xcdatamodeld in Sources */,
				6333A60A1A0AF9EA0067CE33 /* TallyController.m in Sources */,
				6333A5FE1A09C2850067CE33 /* TallyListViewController.m in Sources */,
				6333A5D61A09B8150067CE33 /* main.m in Sources */,
			);
			runOnlyForDeploymentPostprocessing = 0;
		};
		6333A5E51A09B8150067CE33 /* Sources */ = {
			isa = PBXSourcesBuildPhase;
			buildActionMask = 2147483647;
			files = (
				6333A5F01A09B8150067CE33 /* TallyTests.m in Sources */,
			);
			runOnlyForDeploymentPostprocessing = 0;
		};
/* End PBXSourcesBuildPhase section */

/* Begin PBXTargetDependency section */
		6333A5EB1A09B8150067CE33 /* PBXTargetDependency */ = {
			isa = PBXTargetDependency;
			target = 6333A5CF1A09B8150067CE33 /* Tally */;
			targetProxy = 6333A5EA1A09B8150067CE33 /* PBXContainerItemProxy */;
		};
/* End PBXTargetDependency section */

/* Begin PBXVariantGroup section */
		6333A5DD1A09B8150067CE33 /* Main.storyboard */ = {
			isa = PBXVariantGroup;
			children = (
				6333A5DE1A09B8150067CE33 /* Base */,
			);
			name = Main.storyboard;
			sourceTree = "<group>";
		};
		6333A5E21A09B8150067CE33 /* LaunchScreen.xib */ = {
			isa = PBXVariantGroup;
			children = (
				6333A5E31A09B8150067CE33 /* Base */,
			);
			name = LaunchScreen.xib;
			sourceTree = "<group>";
		};
/* End PBXVariantGroup section */

/* Begin XCBuildConfiguration section */
		6333A5F11A09B8150067CE33 /* Debug */ = {
			isa = XCBuildConfiguration;
			buildSettings = {
				ALWAYS_SEARCH_USER_PATHS = NO;
				CLANG_CXX_LANGUAGE_STANDARD = "gnu++0x";
				CLANG_CXX_LIBRARY = "libc++";
				CLANG_ENABLE_MODULES = YES;
				CLANG_ENABLE_OBJC_ARC = YES;
				CLANG_WARN_BOOL_CONVERSION = YES;
				CLANG_WARN_CONSTANT_CONVERSION = YES;
				CLANG_WARN_DIRECT_OBJC_ISA_USAGE = YES_ERROR;
				CLANG_WARN_EMPTY_BODY = YES;
				CLANG_WARN_ENUM_CONVERSION = YES;
				CLANG_WARN_INT_CONVERSION = YES;
				CLANG_WARN_OBJC_ROOT_CLASS = YES_ERROR;
				CLANG_WARN_UNREACHABLE_CODE = YES;
				CLANG_WARN__DUPLICATE_METHOD_MATCH = YES;
				"CODE_SIGN_IDENTITY[sdk=iphoneos*]" = "iPhone Developer";
				COPY_PHASE_STRIP = NO;
				ENABLE_STRICT_OBJC_MSGSEND = YES;
				GCC_C_LANGUAGE_STANDARD = gnu99;
				GCC_DYNAMIC_NO_PIC = NO;
				GCC_OPTIMIZATION_LEVEL = 0;
				GCC_PREPROCESSOR_DEFINITIONS = (
					"DEBUG=1",
					"$(inherited)",
				);
				GCC_SYMBOLS_PRIVATE_EXTERN = NO;
				GCC_WARN_64_TO_32_BIT_CONVERSION = YES;
				GCC_WARN_ABOUT_RETURN_TYPE = YES_ERROR;
				GCC_WARN_UNDECLARED_SELECTOR = YES;
				GCC_WARN_UNINITIALIZED_AUTOS = YES_AGGRESSIVE;
				GCC_WARN_UNUSED_FUNCTION = YES;
				GCC_WARN_UNUSED_VARIABLE = YES;
				IPHONEOS_DEPLOYMENT_TARGET = 8.1;
				MTL_ENABLE_DEBUG_INFO = YES;
				ONLY_ACTIVE_ARCH = YES;
				SDKROOT = iphoneos;
			};
			name = Debug;
		};
		6333A5F21A09B8150067CE33 /* Release */ = {
			isa = XCBuildConfiguration;
			buildSettings = {
				ALWAYS_SEARCH_USER_PATHS = NO;
				CLANG_CXX_LANGUAGE_STANDARD = "gnu++0x";
				CLANG_CXX_LIBRARY = "libc++";
				CLANG_ENABLE_MODULES = YES;
				CLANG_ENABLE_OBJC_ARC = YES;
				CLANG_WARN_BOOL_CONVERSION = YES;
				CLANG_WARN_CONSTANT_CONVERSION = YES;
				CLANG_WARN_DIRECT_OBJC_ISA_USAGE = YES_ERROR;
				CLANG_WARN_EMPTY_BODY = YES;
				CLANG_WARN_ENUM_CONVERSION = YES;
				CLANG_WARN_INT_CONVERSION = YES;
				CLANG_WARN_OBJC_ROOT_CLASS = YES_ERROR;
				CLANG_WARN_UNREACHABLE_CODE = YES;
				CLANG_WARN__DUPLICATE_METHOD_MATCH = YES;
				"CODE_SIGN_IDENTITY[sdk=iphoneos*]" = "iPhone Developer";
				COPY_PHASE_STRIP = YES;
				ENABLE_NS_ASSERTIONS = NO;
				ENABLE_STRICT_OBJC_MSGSEND = YES;
				GCC_C_LANGUAGE_STANDARD = gnu99;
				GCC_WARN_64_TO_32_BIT_CONVERSION = YES;
				GCC_WARN_ABOUT_RETURN_TYPE = YES_ERROR;
				GCC_WARN_UNDECLARED_SELECTOR = YES;
				GCC_WARN_UNINITIALIZED_AUTOS = YES_AGGRESSIVE;
				GCC_WARN_UNUSED_FUNCTION = YES;
				GCC_WARN_UNUSED_VARIABLE = YES;
				IPHONEOS_DEPLOYMENT_TARGET = 8.1;
				MTL_ENABLE_DEBUG_INFO = NO;
				SDKROOT = iphoneos;
				VALIDATE_PRODUCT = YES;
			};
			name = Release;
		};
		6333A5F41A09B8150067CE33 /* Debug */ = {
			isa = XCBuildConfiguration;
			buildSettings = {
				ASSETCATALOG_COMPILER_APPICON_NAME = AppIcon;
				CODE_SIGN_ENTITLEMENTS = Tally/Tally.entitlements;
				CODE_SIGN_IDENTITY = "iPhone Developer";
				"CODE_SIGN_IDENTITY[sdk=iphoneos*]" = "iPhone Developer";
				INFOPLIST_FILE = Tally/Info.plist;
				LD_RUNPATH_SEARCH_PATHS = "$(inherited) @executable_path/Frameworks";
				PRODUCT_NAME = "$(TARGET_NAME)";
				PROVISIONING_PROFILE = "";
			};
			name = Debug;
		};
		6333A5F51A09B8150067CE33 /* Release */ = {
			isa = XCBuildConfiguration;
			buildSettings = {
				ASSETCATALOG_COMPILER_APPICON_NAME = AppIcon;
				CODE_SIGN_ENTITLEMENTS = Tally/Tally.entitlements;
				CODE_SIGN_IDENTITY = "iPhone Developer";
				"CODE_SIGN_IDENTITY[sdk=iphoneos*]" = "iPhone Developer";
				INFOPLIST_FILE = Tally/Info.plist;
				LD_RUNPATH_SEARCH_PATHS = "$(inherited) @executable_path/Frameworks";
				PRODUCT_NAME = "$(TARGET_NAME)";
				PROVISIONING_PROFILE = "";
			};
			name = Release;
		};
		6333A5F71A09B8150067CE33 /* Debug */ = {
			isa = XCBuildConfiguration;
			buildSettings = {
				BUNDLE_LOADER = "$(TEST_HOST)";
				FRAMEWORK_SEARCH_PATHS = (
					"$(SDKROOT)/Developer/Library/Frameworks",
					"$(inherited)",
				);
				GCC_PREPROCESSOR_DEFINITIONS = (
					"DEBUG=1",
					"$(inherited)",
				);
				INFOPLIST_FILE = TallyTests/Info.plist;
				LD_RUNPATH_SEARCH_PATHS = "$(inherited) @executable_path/Frameworks @loader_path/Frameworks";
				PRODUCT_NAME = "$(TARGET_NAME)";
				TEST_HOST = "$(BUILT_PRODUCTS_DIR)/Tally.app/Tally";
			};
			name = Debug;
		};
		6333A5F81A09B8150067CE33 /* Release */ = {
			isa = XCBuildConfiguration;
			buildSettings = {
				BUNDLE_LOADER = "$(TEST_HOST)";
				FRAMEWORK_SEARCH_PATHS = (
					"$(SDKROOT)/Developer/Library/Frameworks",
					"$(inherited)",
				);
				INFOPLIST_FILE = TallyTests/Info.plist;
				LD_RUNPATH_SEARCH_PATHS = "$(inherited) @executable_path/Frameworks @loader_path/Frameworks";
				PRODUCT_NAME = "$(TARGET_NAME)";
				TEST_HOST = "$(BUILT_PRODUCTS_DIR)/Tally.app/Tally";
			};
			name = Release;
		};
/* End XCBuildConfiguration section */

/* Begin XCConfigurationList section */
		6333A5CB1A09B8150067CE33 /* Build configuration list for PBXProject "Tally" */ = {
			isa = XCConfigurationList;
			buildConfigurations = (
				6333A5F11A09B8150067CE33 /* Debug */,
				6333A5F21A09B8150067CE33 /* Release */,
			);
			defaultConfigurationIsVisible = 0;
			defaultConfigurationName = Release;
		};
		6333A5F31A09B8150067CE33 /* Build configuration list for PBXNativeTarget "Tally" */ = {
			isa = XCConfigurationList;
			buildConfigurations = (
				6333A5F41A09B8150067CE33 /* Debug */,
				6333A5F51A09B8150067CE33 /* Release */,
			);
			defaultConfigurationIsVisible = 0;
			defaultConfigurationName = Release;
		};
		6333A5F61A09B8150067CE33 /* Build configuration list for PBXNativeTarget "TallyTests" */ = {
			isa = XCConfigurationList;
			buildConfigurations = (
				6333A5F71A09B8150067CE33 /* Debug */,
				6333A5F81A09B8150067CE33 /* Release */,
			);
			defaultConfigurationIsVisible = 0;
			defaultConfigurationName = Release;
		};
/* End XCConfigurationList section */

/* Begin XCVersionGroup section */
		6333A7211A1313240067CE33 /* Model.xcdatamodeld */ = {
			isa = XCVersionGroup;
			children = (
				6333A7221A1313240067CE33 /* Model.xcdatamodel */,
			);
			currentVersion = 6333A7221A1313240067CE33 /* Model.xcdatamodel */;
			path = Model.xcdatamodeld;
			sourceTree = "<group>";
			versionGroupType = wrapper.xcdatamodel;
		};
/* End XCVersionGroup section */
	};
	rootObject = 6333A5C81A09B8150067CE33 /* Project object */;
}
